# This file is autogenerated, do not edit; changes may be undone by the next 'dep ensure'.


[[projects]]
  name = "bitbucket.org/ww/goautoneg"
  packages = ["."]
  revision = "75cd24fc2f2c2a2088577d12123ddee5f54e0675"

[[projects]]
  branch = "master"
  name = "github.com/Azure/go-ansiterm"
  packages = [
    ".",
    "winterm"
  ]
  revision = "d6e3b3328b783f23731bc4d058875b0371ff8109"

[[projects]]
  name = "github.com/NYTimes/gziphandler"
  packages = ["."]
  revision = "dd0439581c7657cb652dfe5c71d7d48baf39541d"
  version = "v1.1.1"

[[projects]]
  name = "github.com/PuerkitoBio/purell"
  packages = ["."]
  revision = "44968752391892e1b0d0b821ee79e9a85fa13049"
  version = "v1.1.1"

[[projects]]
  branch = "master"
  name = "github.com/PuerkitoBio/urlesc"
  packages = ["."]
  revision = "de5bf2ad457846296e2031421a34e2568e304e35"

[[projects]]
  name = "github.com/Sirupsen/logrus"
  packages = ["."]
  revision = "839c75faf7f98a33d445d181f3018b5c3409a45e"
  version = "v1.4.2"

[[projects]]
  name = "github.com/beorn7/perks"
  packages = ["quantile"]
  revision = "37c8de3658fcb183f997c4e13e8337516ab753e6"
  version = "v1.0.1"

[[projects]]
  name = "github.com/coreos/etcd"
  packages = [
    "client",
    "clientv3",
    "etcdserver/api/v3rpc/rpctypes",
    "mvcc/mvccpb",
    "pkg/transport"
  ]
  revision = "3cf2f69b5738fb702ba1a935590f36b52b18979b"
  version = "v3.4.3"

[[projects]]
  name = "github.com/coreos/go-semver"
  packages = ["semver"]
  revision = "e214231b295a8ea9479f11b70b35d5acf3556d9b"
  version = "v0.3.0"

[[projects]]
  name = "github.com/coreos/go-systemd"
  packages = [
    "daemon",
    "journal"
  ]
  revision = "e64a0ec8b42a61e2a9801dc1d0abe539dea79197"
  version = "v20"

[[projects]]
  name = "github.com/coreos/pkg"
  packages = ["capnslog"]
  revision = "97fdf19511ea361ae1c100dd393cc47f8dcfa1e1"
  version = "v4"

[[projects]]
  name = "github.com/davecgh/go-spew"
  packages = ["spew"]
  revision = "8991bc29aa16c548c550c7ff78260e27b9ab7c73"
  version = "v1.1.1"

[[projects]]
  name = "github.com/docker/distribution"
  packages = [
    "digestset",
    "reference"
  ]
  revision = "2461543d988979529609e8cb6fca9ca190dc48da"
  version = "v2.7.1"

[[projects]]
  name = "github.com/docker/docker"
  packages = [
    "pkg/term",
    "pkg/term/windows"
  ]
  revision = "092cba3727bb9b4a2f0e922cd6c0f93ea270e363"
  version = "v1.13.1"

[[projects]]
  name = "github.com/elazarl/go-bindata-assetfs"
  packages = ["."]
  revision = "30f82fa23fd844bd5bb1e5f216db87fd77b5eb43"
  version = "v1.0.0"

[[projects]]
  name = "github.com/emicklei/go-restful"
  packages = [
    ".",
    "log"
  ]
  revision = "5d8b667fa26d374ff451368b5040d3adbb9c7db4"
  version = "v2.11.0"

[[projects]]
  name = "github.com/emicklei/go-restful-swagger12"
  packages = ["."]
  revision = "dcef7f55730566d41eae5db10e7d6981829720f6"

[[projects]]
  name = "github.com/evanphx/json-patch"
  packages = ["."]
  revision = "026c730a0dcc5d11f93f1cf1cc65b01247ea7b6f"
  version = "v4.5.0"

[[projects]]
  name = "github.com/ghodss/yaml"
  packages = ["."]
  revision = "0ca9ea5df5451ffdf184b4428c902747c2c11cd7"
  version = "v1.0.0"

[[projects]]
  name = "github.com/go-openapi/jsonpointer"
  packages = ["."]
  revision = "ed123515f087412cd7ef02e49b0b0a5e6a79a360"
  version = "v0.19.3"

[[projects]]
  name = "github.com/go-openapi/jsonreference"
  packages = ["."]
  revision = "82f31475a8f7a12bc26962f6e26ceade8ea6f66a"
  version = "v0.19.3"

[[projects]]
  name = "github.com/go-openapi/spec"
  packages = ["."]
  revision = "8557d72e4f077c2dbe1e48df09e596b6fb9b7991"
  version = "v0.19.4"

[[projects]]
  name = "github.com/go-openapi/swag"
  packages = ["."]
  revision = "c3d0f7896d589f3babb99eea24bbc7de98108e72"
  version = "v0.19.5"

[[projects]]
  name = "github.com/gogo/protobuf"
  packages = [
    "gogoproto",
    "proto",
    "protoc-gen-gogo/descriptor",
    "sortkeys"
  ]
  revision = "5628607bb4c51c3157aacc3a50f0ab707582b805"
  version = "v1.3.1"

[[projects]]
  branch = "master"
  name = "github.com/golang/glog"
  packages = ["."]
  revision = "23def4e6c14b4da8ac2ed8007337bc5eb5007998"

[[projects]]
  branch = "master"
  name = "github.com/golang/groupcache"
  packages = ["lru"]
  revision = "404acd9df4cc9859d64fb9eed42e5c026187287a"

[[projects]]
  name = "github.com/golang/protobuf"
  packages = [
    "proto",
    "ptypes",
    "ptypes/any",
    "ptypes/duration",
    "ptypes/timestamp"
  ]
  revision = "6c65a5562fc06764971b7c5d05c76c75e84bdbf7"
  version = "v1.3.2"

[[projects]]
  name = "github.com/google/btree"
  packages = ["."]
  revision = "4030bb1f1f0c35b30ca7009e9ebd06849dd45306"
  version = "v1.0.0"

[[projects]]
  name = "github.com/google/gofuzz"
  packages = ["."]
  revision = "f140a6486e521aad38f5917de355cbf147cc0496"
  version = "v1.0.0"

[[projects]]
  name = "github.com/google/uuid"
  packages = ["."]
  revision = "0cd6bf5da1e1c83f8b45653022c74f71af0538a4"
  version = "v1.1.1"

[[projects]]
  name = "github.com/googleapis/gnostic"
  packages = [
    "OpenAPIv2",
    "compiler",
    "extensions"
  ]
  revision = "ab0dd09aa10e2952b28e12ecd35681b20463ebab"
  version = "v0.3.1"

[[projects]]
  branch = "master"
  name = "github.com/gregjones/httpcache"
  packages = [
    ".",
    "diskcache"
  ]
  revision = "901d90724c7919163f472a9812253fb26761123d"

[[projects]]
  name = "github.com/grpc-ecosystem/go-grpc-prometheus"
  packages = ["."]
  revision = "c225b8c3b01faf2899099b768856a9e916e5087b"
  version = "v1.2.0"

[[projects]]
  name = "github.com/hashicorp/golang-lru"
  packages = [
    ".",
    "simplelru"
  ]
  revision = "7f827b33c0f158ec5dfbba01bb0b14a4541fd81d"
  version = "v0.5.3"

[[projects]]
  name = "github.com/imdario/mergo"
  packages = ["."]
  revision = "1afb36080aec31e0d1528973ebe6721b191b0369"
  version = "v0.3.8"

[[projects]]
  name = "github.com/inconshreveable/mousetrap"
  packages = ["."]
  revision = "76626ae9c91c4f2a10f34cad8ce83ea42c93bb75"
  version = "v1.0"

[[projects]]
  name = "github.com/json-iterator/go"
  packages = ["."]
  revision = "03217c3e97663914aec3faafde50d081f197a0a2"
  version = "1.1.8"

[[projects]]
  name = "github.com/konsorten/go-windows-terminal-sequences"
  packages = ["."]
  revision = "f55edac94c9bbba5d6182a4be46d86a2c9b5b50e"
  version = "v1.0.2"

[[projects]]
  name = "github.com/mailru/easyjson"
  packages = [
    "buffer",
    "jlexer",
    "jwriter"
  ]
  revision = "1b2b06f5f209fea48ff5922d8bfb2b9ed5d8f00b"
  version = "v0.7.0"

[[projects]]
  name = "github.com/matttproud/golang_protobuf_extensions"
  packages = ["pbutil"]
  revision = "c12348ce28de40eed0136aa2b644d0ee0650e56c"
  version = "v1.0.1"

[[projects]]
  name = "github.com/modern-go/concurrent"
  packages = ["."]
  revision = "bacd9c7ef1dd9b15be4a9909b8ac7a4e313eec94"
  version = "1.0.3"

[[projects]]
  name = "github.com/modern-go/reflect2"
  packages = ["."]
  revision = "4b7aa43c6742a2c18fdef89dd197aaae7dac7ccd"
  version = "1.0.1"

[[projects]]
  name = "github.com/opencontainers/go-digest"
  packages = ["."]
  revision = "279bed98673dd5bef374d3b6e4b09e2af76183bf"
  version = "v1.0.0-rc1"

[[projects]]
  name = "github.com/pborman/uuid"
  packages = ["."]
  revision = "adf5a7427709b9deb95d29d3fa8a2bf9cfd388f1"
  version = "v1.2"

[[projects]]
  branch = "master"
  name = "github.com/petar/GoLLRB"
  packages = ["llrb"]
  revision = "33fb24c13b99c46c93183c291836c573ac382536"

[[projects]]
  name = "github.com/peterbourgon/diskv"
  packages = ["."]
  revision = "0be1b92a6df0e4f5cb0a5d15fb7f643d0ad93ce6"
  version = "v3.0.0"

[[projects]]
  name = "github.com/pkg/errors"
  packages = ["."]
  revision = "ba968bfe8b2f7e042a574c888954fccecfa385b4"
  version = "v0.8.1"

[[projects]]
  name = "github.com/prometheus/client_golang"
  packages = [
    "prometheus",
    "prometheus/internal"
  ]
  revision = "2641b987480bca71fb39738eb8c8b0d577cb1d76"
  version = "v0.9.4"

[[projects]]
  branch = "master"
  name = "github.com/prometheus/client_model"
  packages = ["go"]
  revision = "14fe0d1b01d4d5fc031dd4bec1823bd3ebbe8016"

[[projects]]
  name = "github.com/prometheus/common"
  packages = [
    "expfmt",
    "internal/bitbucket.org/ww/goautoneg",
    "model"
  ]
  revision = "287d3e634a1e550c9e463dd7e5a75a422c614505"
  version = "v0.7.0"

[[projects]]
  name = "github.com/prometheus/procfs"
  packages = [
    ".",
    "internal/fs",
    "internal/util"
  ]
  revision = "499c85531f756d1129edd26485a5f73871eeb308"
  version = "v0.0.5"

[[projects]]
  name = "github.com/renstrom/dedent"
  packages = ["."]
  revision = "8478954c3bc893cf36c5ee7c822266b993a3b3ee"
  version = "v1.1.0"

[[projects]]
  name = "github.com/spf13/cobra"
  packages = ["."]
  revision = "f2b07da1e2c38d5f12845a4f607e2e1018cbb1f5"
  version = "v0.0.5"

[[projects]]
  name = "github.com/spf13/pflag"
  packages = ["."]
  revision = "2e9d26c8c37aae03e3f9d4e90b7116f5accb7cab"
  version = "v1.0.5"

[[projects]]
  name = "go.etcd.io/etcd"
  packages = [
    "auth/authpb",
    "clientv3/balancer",
    "clientv3/balancer/connectivity",
    "clientv3/balancer/picker",
    "clientv3/balancer/resolver/endpoint",
    "clientv3/credentials",
    "etcdserver/api/v3rpc/rpctypes",
    "etcdserver/etcdserverpb",
    "mvcc/mvccpb",
    "pkg/logutil",
    "pkg/pathutil",
    "pkg/srv",
    "pkg/systemd",
    "pkg/tlsutil",
    "pkg/types",
    "raft",
    "raft/confchange",
    "raft/quorum",
    "raft/raftpb",
    "raft/tracker",
    "version"
  ]
  revision = "3cf2f69b5738fb702ba1a935590f36b52b18979b"
  version = "v3.4.3"

[[projects]]
  name = "go.uber.org/atomic"
  packages = ["."]
  revision = "df976f2515e274675050de7b3f42545de80594fd"
  version = "v1.4.0"

[[projects]]
  name = "go.uber.org/multierr"
  packages = ["."]
  revision = "71e610a0e48dbda460d9c18adca8b5f2de04a7c1"
  version = "v1.2.0"

[[projects]]
  name = "go.uber.org/zap"
  packages = [
    ".",
    "buffer",
    "internal/bufferpool",
    "internal/color",
    "internal/exit",
    "zapcore"
  ]
  revision = "0065243e7bbd958fab35324e41201f5eb682c527"
  version = "v1.11.0"

[[projects]]
  branch = "master"
  name = "golang.org/x/crypto"
  packages = [
    "ed25519",
    "ed25519/internal/edwards25519",
    "pbkdf2",
    "ssh/terminal"
  ]
  revision = "87dc89f01550277dc22b74ffcf4cd89fa2f40f4c"

[[projects]]
  branch = "master"
  name = "golang.org/x/net"
  packages = [
    "context",
    "context/ctxhttp",
    "http/httpguts",
    "http2",
    "http2/hpack",
    "idna",
    "internal/timeseries",
    "trace",
    "websocket"
  ]
  revision = "ec77196f6094c3492a8b61f2c11cf937f78992ae"

[[projects]]
  branch = "master"
  name = "golang.org/x/oauth2"
  packages = [
    ".",
    "internal"
  ]
  revision = "0f29369cfe4552d0e4bcddc57cc75f4d7e672a33"

[[projects]]
  branch = "master"
  name = "golang.org/x/sys"
  packages = [
    "unix",
    "windows"
  ]
  revision = "e66fe6eb8e0cbfacade8b490cf55cd2494f4db62"

[[projects]]
  name = "golang.org/x/text"
  packages = [
    "collate",
    "collate/build",
    "internal/colltab",
    "internal/gen",
    "internal/language",
    "internal/language/compact",
    "internal/tag",
    "internal/triegen",
    "internal/ucd",
    "language",
    "secure/bidirule",
    "transform",
    "unicode/bidi",
    "unicode/cldr",
    "unicode/norm",
    "unicode/rangetable",
    "width"
  ]
  revision = "342b2e1fbaa52c93f31447ad2c6abc048c63e475"
  version = "v0.3.2"

[[projects]]
  branch = "master"
  name = "golang.org/x/time"
  packages = ["rate"]
  revision = "555d28b269f0569763d25dbe1a237ae74c6bcc82"

[[projects]]
  name = "google.golang.org/appengine"
  packages = [
    "internal",
    "internal/base",
    "internal/datastore",
    "internal/log",
    "internal/remote_api",
    "internal/urlfetch",
    "urlfetch"
  ]
  revision = "971852bfffca25b069c31162ae8f247a3dba083b"
  version = "v1.6.5"

[[projects]]
  branch = "master"
  name = "google.golang.org/genproto"
  packages = ["googleapis/rpc/status"]
  revision = "548a555dbc03994223efbaba0090152849259498"

[[projects]]
  name = "google.golang.org/grpc"
  packages = [
    ".",
    "balancer",
    "balancer/base",
    "balancer/roundrobin",
    "binarylog/grpc_binarylog_v1",
    "codes",
    "connectivity",
    "credentials",
    "credentials/internal",
    "encoding",
    "encoding/proto",
    "grpclog",
    "internal",
    "internal/backoff",
    "internal/balancerload",
    "internal/binarylog",
    "internal/channelz",
    "internal/envconfig",
    "internal/grpcrand",
    "internal/grpcsync",
    "internal/syscall",
    "internal/transport",
    "keepalive",
    "metadata",
    "naming",
    "peer",
    "resolver",
    "resolver/dns",
    "resolver/passthrough",
    "serviceconfig",
    "stats",
    "status",
    "tap"
  ]
  revision = "f6d0f9ee430895e87ef1ceb5ac8f39725bafceef"
  version = "v1.24.0"

[[projects]]
  name = "gopkg.in/inf.v0"
  packages = ["."]
  revision = "d2d2541c53f18d2a059457998ce2876cc8e67cbf"
  version = "v0.9.1"

[[projects]]
  name = "gopkg.in/natefinch/lumberjack.v2"
  packages = ["."]
  revision = "a96e63847dc3c67d17befa69c303767e2f84e54f"
  version = "v2.1"

[[projects]]
  name = "gopkg.in/square/go-jose.v2"
  packages = [
    ".",
    "cipher",
    "json",
    "jwt"
  ]
  revision = "8fd82ff1d52a5162ff23c0a48e2c64a1fa4a3f8f"
  version = "v2.4.0"

[[projects]]
  name = "gopkg.in/yaml.v2"
  packages = ["."]
  revision = "f221b8435cfb71e54062f6c6e99e9ade30b124d5"
  version = "v2.2.4"

[[projects]]
  name = "k8s.io/api"
  packages = [
    "admission/v1beta1",
    "admissionregistration/v1alpha1",
    "admissionregistration/v1beta1",
    "apps/v1",
    "apps/v1beta1",
    "apps/v1beta2",
    "authentication/v1",
    "authentication/v1beta1",
    "authorization/v1",
    "authorization/v1beta1",
    "autoscaling/v1",
    "autoscaling/v2beta1",
    "autoscaling/v2beta2",
    "batch/v1",
    "batch/v1beta1",
    "batch/v2alpha1",
    "certificates/v1beta1",
    "coordination/v1beta1",
    "core/v1",
    "events/v1beta1",
    "extensions/v1beta1",
    "networking/v1",
    "policy/v1beta1",
    "rbac/v1",
    "rbac/v1alpha1",
    "rbac/v1beta1",
    "scheduling/v1alpha1",
    "scheduling/v1beta1",
    "settings/v1alpha1",
    "storage/v1",
    "storage/v1alpha1",
    "storage/v1beta1"
  ]
  revision = "b503174bad5991eb66f18247f52e41c3258f6348"
  version = "kubernetes-1.12.3"

[[projects]]
  name = "k8s.io/apiextensions-apiserver"
  packages = ["pkg/features"]
  revision = "0cd23ebeb6882bd1cdc2cb15fc7b2d72e8a86a5b"
  version = "kubernetes-1.12.3"

[[projects]]
  name = "k8s.io/apimachinery"
  packages = [
    "pkg/api/apitesting",
    "pkg/api/apitesting/fuzzer",
    "pkg/api/equality",
    "pkg/api/errors",
    "pkg/api/meta",
    "pkg/api/resource",
    "pkg/api/validation",
    "pkg/api/validation/path",
    "pkg/apis/config",
    "pkg/apis/config/v1alpha1",
    "pkg/apis/config/validation",
    "pkg/apis/meta/fuzzer",
    "pkg/apis/meta/internalversion",
    "pkg/apis/meta/v1",
    "pkg/apis/meta/v1/unstructured",
    "pkg/apis/meta/v1/validation",
    "pkg/apis/meta/v1beta1",
    "pkg/conversion",
    "pkg/conversion/queryparams",
    "pkg/fields",
    "pkg/labels",
    "pkg/runtime",
    "pkg/runtime/schema",
    "pkg/runtime/serializer",
    "pkg/runtime/serializer/json",
    "pkg/runtime/serializer/protobuf",
    "pkg/runtime/serializer/recognizer",
    "pkg/runtime/serializer/streaming",
    "pkg/runtime/serializer/versioning",
    "pkg/selection",
    "pkg/types",
    "pkg/util/cache",
    "pkg/util/clock",
    "pkg/util/diff",
    "pkg/util/errors",
    "pkg/util/framer",
    "pkg/util/intstr",
    "pkg/util/json",
    "pkg/util/mergepatch",
    "pkg/util/naming",
    "pkg/util/net",
    "pkg/util/rand",
    "pkg/util/runtime",
    "pkg/util/sets",
    "pkg/util/strategicpatch",
    "pkg/util/uuid",
    "pkg/util/validation",
    "pkg/util/validation/field",
    "pkg/util/wait",
    "pkg/util/waitgroup",
    "pkg/util/yaml",
    "pkg/version",
    "pkg/watch",
    "third_party/forked/golang/json",
    "third_party/forked/golang/reflect"
  ]
  revision = "eddba98df674a16931d2d4ba75edc3a389bf633a"
  version = "kubernetes-1.12.3"

[[projects]]
  name = "k8s.io/apiserver"
  packages = [
    "pkg/admission",
    "pkg/admission/configuration",
    "pkg/admission/initializer",
    "pkg/admission/metrics",
    "pkg/admission/plugin/initialization",
    "pkg/admission/plugin/namespace/lifecycle",
    "pkg/admission/plugin/webhook/config",
    "pkg/admission/plugin/webhook/config/apis/webhookadmission",
    "pkg/admission/plugin/webhook/config/apis/webhookadmission/v1alpha1",
    "pkg/admission/plugin/webhook/errors",
    "pkg/admission/plugin/webhook/generic",
    "pkg/admission/plugin/webhook/mutating",
    "pkg/admission/plugin/webhook/namespace",
    "pkg/admission/plugin/webhook/request",
    "pkg/admission/plugin/webhook/rules",
    "pkg/admission/plugin/webhook/util",
    "pkg/admission/plugin/webhook/validating",
    "pkg/apis/apiserver",
    "pkg/apis/apiserver/install",
    "pkg/apis/apiserver/v1alpha1",
    "pkg/apis/audit",
    "pkg/apis/audit/install",
    "pkg/apis/audit/v1",
    "pkg/apis/audit/v1alpha1",
    "pkg/apis/audit/v1beta1",
    "pkg/apis/audit/validation",
    "pkg/apis/config",
    "pkg/apis/config/v1alpha1",
    "pkg/apis/config/validation",
    "pkg/audit",
    "pkg/audit/policy",
    "pkg/authentication/authenticator",
    "pkg/authentication/authenticatorfactory",
    "pkg/authentication/group",
    "pkg/authentication/request/anonymous",
    "pkg/authentication/request/bearertoken",
    "pkg/authentication/request/headerrequest",
    "pkg/authentication/request/union",
    "pkg/authentication/request/websocket",
    "pkg/authentication/request/x509",
    "pkg/authentication/serviceaccount",
    "pkg/authentication/token/tokenfile",
    "pkg/authentication/user",
    "pkg/authorization/authorizer",
    "pkg/authorization/authorizerfactory",
    "pkg/authorization/path",
    "pkg/authorization/union",
    "pkg/endpoints",
    "pkg/endpoints/discovery",
    "pkg/endpoints/filters",
    "pkg/endpoints/handlers",
    "pkg/endpoints/handlers/negotiation",
    "pkg/endpoints/handlers/responsewriters",
    "pkg/endpoints/metrics",
    "pkg/endpoints/openapi",
    "pkg/endpoints/request",
    "pkg/features",
    "pkg/registry/generic",
    "pkg/registry/generic/registry",
    "pkg/registry/rest",
    "pkg/server",
    "pkg/server/filters",
    "pkg/server/healthz",
    "pkg/server/httplog",
    "pkg/server/mux",
    "pkg/server/options",
    "pkg/server/resourceconfig",
    "pkg/server/routes",
    "pkg/server/routes/data/swagger",
    "pkg/server/storage",
    "pkg/storage",
    "pkg/storage/cacher",
    "pkg/storage/errors",
    "pkg/storage/etcd",
    "pkg/storage/etcd/metrics",
    "pkg/storage/etcd/util",
    "pkg/storage/etcd3",
    "pkg/storage/names",
    "pkg/storage/storagebackend",
    "pkg/storage/storagebackend/factory",
    "pkg/storage/value",
    "pkg/util/dryrun",
    "pkg/util/feature",
    "pkg/util/flag",
    "pkg/util/flushwriter",
    "pkg/util/logs",
    "pkg/util/openapi",
    "pkg/util/trace",
    "pkg/util/webhook",
    "pkg/util/wsstream",
    "plugin/pkg/audit/buffered",
    "plugin/pkg/audit/log",
    "plugin/pkg/audit/truncate",
    "plugin/pkg/audit/webhook",
    "plugin/pkg/authenticator/token/webhook",
    "plugin/pkg/authorizer/webhook"
  ]
  revision = "92fdef3a232a23afb9644f6151119b5961b9feab"
  version = "kubernetes-1.12.3"

[[projects]]
  name = "k8s.io/client-go"
  packages = [
    "discovery",
    "discovery/fake",
    "informers",
    "informers/admissionregistration",
    "informers/admissionregistration/v1alpha1",
    "informers/admissionregistration/v1beta1",
    "informers/apps",
    "informers/apps/v1",
    "informers/apps/v1beta1",
    "informers/apps/v1beta2",
    "informers/autoscaling",
    "informers/autoscaling/v1",
    "informers/autoscaling/v2beta1",
    "informers/autoscaling/v2beta2",
    "informers/batch",
    "informers/batch/v1",
    "informers/batch/v1beta1",
    "informers/batch/v2alpha1",
    "informers/certificates",
    "informers/certificates/v1beta1",
    "informers/coordination",
    "informers/coordination/v1beta1",
    "informers/core",
    "informers/core/v1",
    "informers/events",
    "informers/events/v1beta1",
    "informers/extensions",
    "informers/extensions/v1beta1",
    "informers/internalinterfaces",
    "informers/networking",
    "informers/networking/v1",
    "informers/policy",
    "informers/policy/v1beta1",
    "informers/rbac",
    "informers/rbac/v1",
    "informers/rbac/v1alpha1",
    "informers/rbac/v1beta1",
    "informers/scheduling",
    "informers/scheduling/v1alpha1",
    "informers/scheduling/v1beta1",
    "informers/settings",
    "informers/settings/v1alpha1",
    "informers/storage",
    "informers/storage/v1",
    "informers/storage/v1alpha1",
    "informers/storage/v1beta1",
    "kubernetes",
    "kubernetes/fake",
    "kubernetes/scheme",
    "kubernetes/typed/admissionregistration/v1alpha1",
    "kubernetes/typed/admissionregistration/v1alpha1/fake",
    "kubernetes/typed/admissionregistration/v1beta1",
    "kubernetes/typed/admissionregistration/v1beta1/fake",
    "kubernetes/typed/apps/v1",
    "kubernetes/typed/apps/v1/fake",
    "kubernetes/typed/apps/v1beta1",
    "kubernetes/typed/apps/v1beta1/fake",
    "kubernetes/typed/apps/v1beta2",
    "kubernetes/typed/apps/v1beta2/fake",
    "kubernetes/typed/authentication/v1",
    "kubernetes/typed/authentication/v1/fake",
    "kubernetes/typed/authentication/v1beta1",
    "kubernetes/typed/authentication/v1beta1/fake",
    "kubernetes/typed/authorization/v1",
    "kubernetes/typed/authorization/v1/fake",
    "kubernetes/typed/authorization/v1beta1",
    "kubernetes/typed/authorization/v1beta1/fake",
    "kubernetes/typed/autoscaling/v1",
    "kubernetes/typed/autoscaling/v1/fake",
    "kubernetes/typed/autoscaling/v2beta1",
    "kubernetes/typed/autoscaling/v2beta1/fake",
    "kubernetes/typed/autoscaling/v2beta2",
    "kubernetes/typed/autoscaling/v2beta2/fake",
    "kubernetes/typed/batch/v1",
    "kubernetes/typed/batch/v1/fake",
    "kubernetes/typed/batch/v1beta1",
    "kubernetes/typed/batch/v1beta1/fake",
    "kubernetes/typed/batch/v2alpha1",
    "kubernetes/typed/batch/v2alpha1/fake",
    "kubernetes/typed/certificates/v1beta1",
    "kubernetes/typed/certificates/v1beta1/fake",
    "kubernetes/typed/coordination/v1beta1",
    "kubernetes/typed/coordination/v1beta1/fake",
    "kubernetes/typed/core/v1",
    "kubernetes/typed/core/v1/fake",
    "kubernetes/typed/events/v1beta1",
    "kubernetes/typed/events/v1beta1/fake",
    "kubernetes/typed/extensions/v1beta1",
    "kubernetes/typed/extensions/v1beta1/fake",
    "kubernetes/typed/networking/v1",
    "kubernetes/typed/networking/v1/fake",
    "kubernetes/typed/policy/v1beta1",
    "kubernetes/typed/policy/v1beta1/fake",
    "kubernetes/typed/rbac/v1",
    "kubernetes/typed/rbac/v1/fake",
    "kubernetes/typed/rbac/v1alpha1",
    "kubernetes/typed/rbac/v1alpha1/fake",
    "kubernetes/typed/rbac/v1beta1",
    "kubernetes/typed/rbac/v1beta1/fake",
    "kubernetes/typed/scheduling/v1alpha1",
    "kubernetes/typed/scheduling/v1alpha1/fake",
    "kubernetes/typed/scheduling/v1beta1",
    "kubernetes/typed/scheduling/v1beta1/fake",
    "kubernetes/typed/settings/v1alpha1",
    "kubernetes/typed/settings/v1alpha1/fake",
    "kubernetes/typed/storage/v1",
    "kubernetes/typed/storage/v1/fake",
    "kubernetes/typed/storage/v1alpha1",
    "kubernetes/typed/storage/v1alpha1/fake",
    "kubernetes/typed/storage/v1beta1",
    "kubernetes/typed/storage/v1beta1/fake",
    "listers/admissionregistration/v1alpha1",
    "listers/admissionregistration/v1beta1",
    "listers/apps/v1",
    "listers/apps/v1beta1",
    "listers/apps/v1beta2",
    "listers/autoscaling/v1",
    "listers/autoscaling/v2beta1",
    "listers/autoscaling/v2beta2",
    "listers/batch/v1",
    "listers/batch/v1beta1",
    "listers/batch/v2alpha1",
    "listers/certificates/v1beta1",
    "listers/coordination/v1beta1",
    "listers/core/v1",
    "listers/events/v1beta1",
    "listers/extensions/v1beta1",
    "listers/networking/v1",
    "listers/policy/v1beta1",
    "listers/rbac/v1",
    "listers/rbac/v1alpha1",
    "listers/rbac/v1beta1",
    "listers/scheduling/v1alpha1",
    "listers/scheduling/v1beta1",
    "listers/settings/v1alpha1",
    "listers/storage/v1",
    "listers/storage/v1alpha1",
    "listers/storage/v1beta1",
    "pkg/apis/clientauthentication",
    "pkg/apis/clientauthentication/v1alpha1",
    "pkg/apis/clientauthentication/v1beta1",
    "pkg/version",
    "plugin/pkg/client/auth/exec",
    "rest",
    "rest/watch",
    "testing",
    "tools/auth",
    "tools/cache",
    "tools/clientcmd",
    "tools/clientcmd/api",
    "tools/clientcmd/api/latest",
    "tools/clientcmd/api/v1",
    "tools/leaderelection",
    "tools/leaderelection/resourcelock",
    "tools/metrics",
    "tools/pager",
    "tools/record",
    "tools/reference",
    "tools/watch",
    "transport",
    "util/buffer",
    "util/cert",
    "util/connrotation",
    "util/flowcontrol",
    "util/homedir",
    "util/integer",
    "util/retry",
    "util/workqueue"
  ]
  revision = "d082d5923d3cc0bfbb066ee5fbdea3d0ca79acf8"
  version = "kubernetes-1.12.3"

[[projects]]
  branch = "master"
  name = "k8s.io/csi-api"
  packages = [
    "pkg/apis/csi/v1alpha1",
    "pkg/client/clientset/versioned",
    "pkg/client/clientset/versioned/scheme",
    "pkg/client/clientset/versioned/typed/csi/v1alpha1"
  ]
  revision = "94ac839bf26cd8861226396b93ddf920cbb7ccc9"

[[projects]]
  name = "k8s.io/kube-openapi"
  packages = [
    "pkg/builder",
    "pkg/common",
    "pkg/handler",
    "pkg/util",
    "pkg/util/proto"
  ]
  revision = "0cf8f7e6ed1d2e3d47d02e3b6e559369af24d803"

[[projects]]
  name = "k8s.io/kube-scheduler"
  packages = ["config/v1alpha1"]
  revision = "5254dfadbc41051b83361cb8587784d3f9e7e9f0"
  version = "kubernetes-1.12.3"

[[projects]]
  branch = "release-1.12"
  name = "k8s.io/kubernetes"
  packages = [
    "cmd/kube-scheduler/app/config",
    "cmd/kube-scheduler/app/options",
    "pkg/api/legacyscheme",
    "pkg/api/service",
    "pkg/api/testing",
    "pkg/api/v1/pod",
    "pkg/apis/admissionregistration",
    "pkg/apis/admissionregistration/fuzzer",
    "pkg/apis/apps",
    "pkg/apis/apps/fuzzer",
    "pkg/apis/autoscaling",
    "pkg/apis/autoscaling/fuzzer",
    "pkg/apis/batch",
    "pkg/apis/batch/fuzzer",
    "pkg/apis/certificates",
    "pkg/apis/certificates/fuzzer",
    "pkg/apis/core",
    "pkg/apis/core/fuzzer",
    "pkg/apis/core/helper",
    "pkg/apis/core/install",
    "pkg/apis/core/pods",
    "pkg/apis/core/v1",
    "pkg/apis/core/v1/helper",
    "pkg/apis/core/v1/helper/qos",
    "pkg/apis/core/validation",
    "pkg/apis/extensions",
    "pkg/apis/extensions/fuzzer",
    "pkg/apis/extensions/v1beta1",
    "pkg/apis/networking",
    "pkg/apis/networking/fuzzer",
    "pkg/apis/policy",
    "pkg/apis/policy/fuzzer",
    "pkg/apis/rbac",
    "pkg/apis/rbac/fuzzer",
    "pkg/apis/scheduling",
    "pkg/apis/storage",
    "pkg/apis/storage/fuzzer",
    "pkg/capabilities",
    "pkg/client/leaderelectionconfig",
    "pkg/cloudprovider",
    "pkg/controller",
    "pkg/controller/volume/events",
    "pkg/controller/volume/persistentvolume",
    "pkg/controller/volume/persistentvolume/metrics",
    "pkg/features",
    "pkg/fieldpath",
    "pkg/kubelet/apis",
    "pkg/kubelet/types",
    "pkg/master/ports",
    "pkg/scheduler",
    "pkg/scheduler/algorithm",
    "pkg/scheduler/algorithm/predicates",
    "pkg/scheduler/algorithm/priorities",
    "pkg/scheduler/algorithm/priorities/util",
    "pkg/scheduler/algorithmprovider",
    "pkg/scheduler/algorithmprovider/defaults",
    "pkg/scheduler/api",
    "pkg/scheduler/api/latest",
    "pkg/scheduler/api/v1",
    "pkg/scheduler/api/validation",
    "pkg/scheduler/apis/config",
    "pkg/scheduler/apis/config/scheme",
    "pkg/scheduler/apis/config/v1alpha1",
    "pkg/scheduler/apis/config/validation",
    "pkg/scheduler/cache",
    "pkg/scheduler/core",
    "pkg/scheduler/core/equivalence",
    "pkg/scheduler/factory",
    "pkg/scheduler/metrics",
    "pkg/scheduler/util",
    "pkg/scheduler/volumebinder",
    "pkg/security/apparmor",
    "pkg/serviceaccount",
    "pkg/util/file",
    "pkg/util/goroutinemap",
    "pkg/util/goroutinemap/exponentialbackoff",
    "pkg/util/hash",
    "pkg/util/io",
    "pkg/util/keymutex",
    "pkg/util/mount",
    "pkg/util/net/sets",
    "pkg/util/node",
    "pkg/util/nsenter",
    "pkg/util/parsers",
    "pkg/util/strings",
    "pkg/util/taints",
    "pkg/version",
    "pkg/volume",
    "pkg/volume/util",
    "pkg/volume/util/fs",
    "pkg/volume/util/recyclerclient",
    "pkg/volume/util/types",
    "pkg/volume/util/volumepathhandler"
  ]
  revision = "5f799a487b70aea5e298e5f5f1e3bac904b54ef6"

[[projects]]
  branch = "master"
  name = "k8s.io/utils"
  packages = [
    "exec",
    "pointer"
  ]
  revision = "8d271d903fe4c290aa361acfb242cff7bcee96f1"

[solve-meta]
  analyzer-name = "dep"
  analyzer-version = 1
  inputs-digest = "871aee9eb144b5875343ac8d866ceb3088dc509859b437bcc45f4bcf543175aa"
  solver-name = "gps-cdcl"
  solver-version = 1
